
Microsoft Visual Studio Solution File, Format Version 12.00
Project("{FAE04EC0-301F-11D3-BF4B-00C04F79EFBC}") = "Lab_11", "Lab_11\Lab_11.csproj", "{D6788678-33B0-4253-8B07-96BB89B94A27}"
EndProject
Global
	GlobalSection(SolutionConfigurationPlatforms) = preSolution
		Debug|Any CPU = Debug|Any CPU
		Release|Any CPU = Release|Any CPU
	EndGlobalSection
	GlobalSection(ProjectConfigurationPlatforms) = postSolution
		{D6788678-33B0-4253-8B07-96BB89B94A27}.Debug|Any CPU.ActiveCfg = Debug|Any CPU
		{D6788678-33B0-4253-8B07-96BB89B94A27}.Debug|Any CPU.Build.0 = Debug|Any CPU
		{D6788678-33B0-4253-8B07-96BB89B94A27}.Release|Any CPU.ActiveCfg = Release|Any CPU
		{D6788678-33B0-4253-8B07-96BB89B94A27}.Release|Any CPU.Build.0 = Release|Any CPU
	EndGlobalSection
EndGlobal
